
Microsoft Visual Studio Solution File, Format Version 12.00
# Visual Studio Version 17
VisualStudioVersion = 17.0.32126.317
MinimumVisualStudioVersion = 10.0.40219.1
Project("{FAE04EC0-301F-11D3-BF4B-00C04F79EFBC}") = "CabInvoiceGenerator", "CabInvoiceGenerator\CabInvoiceGenerator.csproj", "{371765B7-5A5E-4D80-9E3B-7206C8BFD2C1}"
EndProject
Project("{FAE04EC0-301F-11D3-BF4B-00C04F79EFBC}") = "CabInvoiceTestProject1", "CabInvoiceTestProject1\CabInvoiceTestProject1.csproj", "{5C28056F-1BBD-4012-AAF7-F6016CBF5085}"
EndProject
Global
	GlobalSection(SolutionConfigurationPlatforms) = preSolution
		Debug|Any CPU = Debug|Any CPU
		Release|Any CPU = Release|Any CPU
	EndGlobalSection
	GlobalSection(ProjectConfigurationPlatforms) = postSolution
		{371765B7-5A5E-4D80-9E3B-7206C8BFD2C1}.Debug|Any CPU.ActiveCfg = Debug|Any CPU
		{371765B7-5A5E-4D80-9E3B-7206C8BFD2C1}.Debug|Any CPU.Build.0 = Debug|Any CPU
		{371765B7-5A5E-4D80-9E3B-7206C8BFD2C1}.Release|Any CPU.ActiveCfg = Release|Any CPU
		{371765B7-5A5E-4D80-9E3B-7206C8BFD2C1}.Release|Any CPU.Build.0 = Release|Any CPU
		{5C28056F-1BBD-4012-AAF7-F6016CBF5085}.Debug|Any CPU.ActiveCfg = Debug|Any CPU
		{5C28056F-1BBD-4012-AAF7-F6016CBF5085}.Debug|Any CPU.Build.0 = Debug|Any CPU
		{5C28056F-1BBD-4012-AAF7-F6016CBF5085}.Release|Any CPU.ActiveCfg = Release|Any CPU
		{5C28056F-1BBD-4012-AAF7-F6016CBF5085}.Release|Any CPU.Build.0 = Release|Any CPU
	EndGlobalSection
	GlobalSection(SolutionProperties) = preSolution
		HideSolutionNode = FALSE
	EndGlobalSection
	GlobalSection(ExtensibilityGlobals) = postSolution
		SolutionGuid = {A6A93723-59BE-42D0-8964-22D9151DA8AA}
	EndGlobalSection
EndGlobal
